dependencies:
  esp-idf-lib/esp_idf_lib_helpers:
    component_hash: 689853bb8993434f9556af0f2816e808bf77b5d22100144b21f3519993daf237
    dependencies: []
    source:
      registry_url: https://components.espressif.com/
      type: service
    targets:
    - esp32
    - esp32c2
    - esp32c3
    - esp32c5
    - esp32c6
    - esp32c61
    - esp32h2
    - esp32p4
    - esp32s2
    - esp32s3
    version: 1.4.0
  esp-idf-lib/onewire:
    component_hash: d98263e9ab1206caf9bd255652cfd1e7d43524de58a32bc17afe43a425c1674e
    dependencies:
    - name: esp-idf-lib/esp_idf_lib_helpers
      registry_url: https://components.espressif.com
      require: private
      version: '*'
    source:
      registry_url: https://components.espressif.com/
      type: service
    targets:
    - esp32
    - esp32c2
    - esp32c3
    - esp32c5
    - esp32c6
    - esp32c61
    - esp32h2
    - esp32p4
    - esp32s2
    - esp32s3
    version: 1.1.0
  espressif/cmake_utilities:
    component_hash: 05165f30922b422b4b90c08845e6d449329b97370fbd06309803d8cb539d79e3
    dependencies:
    - name: idf
      require: private
      version: '>=4.1'
    source:
      registry_url: https://components.espressif.com/
      type: service
    version: 1.1.1
  espressif/i2c_bus:
    component_hash: 483112c1619c54c38d0b734fb25f1678733267858a77b7af2f48cc7db6dbbd84
    dependencies:
    - name: espressif/cmake_utilities
      registry_url: https://components.espressif.com
      require: private
      version: '*'
    - name: idf
      require: private
      version: '>=4.0'
    source:
      registry_url: https://components.espressif.com/
      type: service
    version: 1.5.2
  idf:
    source:
      type: idf
    version: 6.1.0
direct_dependencies:
- esp-idf-lib/esp_idf_lib_helpers
- esp-idf-lib/onewire
- espressif/cmake_utilities
- espressif/i2c_bus
- idf
manifest_hash: 1fb425bfff0399e12aa9e81d329bdd0750b9f248b9481243eeebcfc99a894d0c
target: esp32s3
version: 3.0.0
